
Microsoft Visual Studio Solution File, Format Version 12.00
# Visual Studio Version 17
VisualStudioVersion = 17.7.34031.279
MinimumVisualStudioVersion = 10.0.40219.1
Project("{FAE04EC0-301F-11D3-BF4B-00C04F79EFBC}") = "EcommerceWeb", "EcommerceWeb\EcommerceWeb.csproj", "{370AB743-119D-4B91-ABDF-718D09EBDB26}"
EndProject
Global
	GlobalSection(SolutionConfigurationPlatforms) = preSolution
		Debug|Any CPU = Debug|Any CPU
		Release|Any CPU = Release|Any CPU
	EndGlobalSection
	GlobalSection(ProjectConfigurationPlatforms) = postSolution
		{370AB743-119D-4B91-ABDF-718D09EBDB26}.Debug|Any CPU.ActiveCfg = Debug|Any CPU
		{370AB743-119D-4B91-ABDF-718D09EBDB26}.Debug|Any CPU.Build.0 = Debug|Any CPU
		{370AB743-119D-4B91-ABDF-718D09EBDB26}.Release|Any CPU.ActiveCfg = Release|Any CPU
		{370AB743-119D-4B91-ABDF-718D09EBDB26}.Release|Any CPU.Build.0 = Release|Any CPU
	EndGlobalSection
	GlobalSection(SolutionProperties) = preSolution
		HideSolutionNode = FALSE
	EndGlobalSection
	GlobalSection(ExtensibilityGlobals) = postSolution
		SolutionGuid = {46BD131F-4BF6-4C11-8863-21264089E1D5}
	EndGlobalSection
EndGlobal
